// !$*UTF8*$!
{
	archiveVersion = 1;
	classes = {
	};
	objectVersion = 46;
	objects = {

/* Begin PBXBuildFile section */
		A099A8821E90D5A500730A2B /* MoviesViewController.swift in Sources */ = {isa = PBXBuildFile; fileRef = A099A8811E90D5A500730A2B /* MoviesViewController.swift */; };
		A099A8871E90EA1000730A2B /* MovieCell.swift in Sources */ = {isa = PBXBuildFile; fileRef = A099A8861E90EA1000730A2B /* MovieCell.swift */; };
		A0C2039A1E903F49003003DB /* AppDelegate.swift in Sources */ = {isa = PBXBuildFile; fileRef = A0C203991E903F49003003DB /* AppDelegate.swift */; };
		A0C2039F1E903F49003003DB /* Main.storyboard in Resources */ = {isa = PBXBuildFile; fileRef = A0C2039D1E903F49003003DB /* Main.storyboard */; };
		A0C203A11E903F49003003DB /* Assets.xcassets in Resources */ = {isa = PBXBuildFile; fileRef = A0C203A01E903F49003003DB /* Assets.xcassets */; };
		A0C203A41E903F49003003DB /* LaunchScreen.storyboard in Resources */ = {isa = PBXBuildFile; fileRef = A0C203A21E903F49003003DB /* LaunchScreen.storyboard */; };
		ED3A7F3D95DD9DCF8C8E84ED /* Pods_MoviesViewer.framework in Frameworks */ = {isa = PBXBuildFile; fileRef = 36916C8F5000C9707D0E8B6E /* Pods_MoviesViewer.framework */; };
/* End PBXBuildFile section */

/* Begin PBXFileReference section */
		36916C8F5000C9707D0E8B6E /* Pods_MoviesViewer.framework */ = {isa = PBXFileReference; explicitFileType = wrapper.framework; includeInIndex = 0; path = Pods_MoviesViewer.framework; sourceTree = BUILT_PRODUCTS_DIR; };
		91B9B26AF3537F8BB92632CE /* Pods-MoviesViewer.debug.xcconfig */ = {isa = PBXFileReference; includeInIndex = 1; lastKnownFileType = text.xcconfig; name = "Pods-MoviesViewer.debug.xcconfig"; path = "Pods/Target Support Files/Pods-MoviesViewer/Pods-MoviesViewer.debug.xcconfig"; sourceTree = "<group>"; };
		A099A8811E90D5A500730A2B /* MoviesViewController.swift */ = {isa = PBXFileReference; fileEncoding = 4; lastKnownFileType = sourcecode.swift; path = MoviesViewController.swift; sourceTree = "<group>"; };
		A099A8861E90EA1000730A2B /* MovieCell.swift */ = {isa = PBXFileReference; fileEncoding = 4; lastKnownFileType = sourcecode.swift; path = MovieCell.swift; sourceTree = "<group>"; };
		A0C203961E903F49003003DB /* MoviesViewer.app */ = {isa = PBXFileReference; explicitFileType = wrapper.application; includeInIndex = 0; path = MoviesViewer.app; sourceTree = BUILT_PRODUCTS_DIR; };
		A0C203991E903F49003003DB /* AppDelegate.swift */ = {isa = PBXFileReference; lastKnownFileType = sourcecode.swift; path = AppDelegate.swift; sourceTree = "<group>"; };
		A0C2039E1E903F49003003DB /* Base */ = {isa = PBXFileReference; lastKnownFileType = file.storyboard; name = Base; path = Base.lproj/Main.storyboard; sourceTree = "<group>"; };
		A0C203A01E903F49003003DB /* Assets.xcassets */ = {isa = PBXFileReference; lastKnownFileType = folder.assetcatalog; path = Assets.xcassets; sourceTree = "<group>"; };
		A0C203A31E903F49003003DB /* Base */ = {isa = PBXFileReference; lastKnownFileType = file.storyboard; name = Base; path = Base.lproj/LaunchScreen.storyboard; sourceTree = "<group>"; };
		A0C203A51E903F49003003DB /* Info.plist */ = {isa = PBXFileReference; lastKnownFileType = text.plist.xml; path = Info.plist; sourceTree = "<group>"; };
		A6BB6399168D45D399890074 /* Pods-MoviesViewer.release.xcconfig */ = {isa = PBXFileReference; includeInIndex = 1; lastKnownFileType = text.xcconfig; name = "Pods-MoviesViewer.release.xcconfig"; path = "Pods/Target Support Files/Pods-MoviesViewer/Pods-MoviesViewer.release.xcconfig"; sourceTree = "<group>"; };
/* End PBXFileReference section */

/* Begin PBXFrameworksBuildPhase section */
		A0C203931E903F49003003DB /* Frameworks */ = {
			isa = PBXFrameworksBuildPhase;
			buildActionMask = 2147483647;
			files = (
				ED3A7F3D95DD9DCF8C8E84ED /* Pods_MoviesViewer.framework in Frameworks */,
			);
			runOnlyForDeploymentPostprocessing = 0;
		};
/* End PBXFrameworksBuildPhase section */

/* Begin PBXGroup section */
		2672843E7D5D9990EF783D9F /* Pods */ = {
			isa = PBXGroup;
			children = (
				91B9B26AF3537F8BB92632CE /* Pods-MoviesViewer.debug.xcconfig */,
				A6BB6399168D45D399890074 /* Pods-MoviesViewer.release.xcconfig */,
			);
			name = Pods;
			sourceTree = "<group>";
		};
		60271DE627B75B2998FDF3D8 /* Frameworks */ = {
			isa = PBXGroup;
			children = (
				36916C8F5000C9707D0E8B6E /* Pods_MoviesViewer.framework */,
			);
			name = Frameworks;
			sourceTree = "<group>";
		};
		A099A8801E90D59300730A2B /* View Controller */ = {
			isa = PBXGroup;
			children = (
				A099A8811E90D5A500730A2B /* MoviesViewController.swift */,
			);
			name = "View Controller";
			sourceTree = "<group>";
		};
		A099A8831E90E97300730A2B /* Views */ = {
			isa = PBXGroup;
			children = (
				A099A8861E90EA1000730A2B /* MovieCell.swift */,
			);
			name = Views;
			sourceTree = "<group>";
		};
		A0C2038D1E903F49003003DB = {
			isa = PBXGroup;
			children = (
				A0C203981E903F49003003DB /* MoviesViewer */,
				A0C203971E903F49003003DB /* Products */,
				2672843E7D5D9990EF783D9F /* Pods */,
				60271DE627B75B2998FDF3D8 /* Frameworks */,
			);
			sourceTree = "<group>";
		};
		A0C203971E903F49003003DB /* Products */ = {
			isa = PBXGroup;
			children = (
				A0C203961E903F49003003DB /* MoviesViewer.app */,
			);
			name = Products;
			sourceTree = "<group>";
		};
		A0C203981E903F49003003DB /* MoviesViewer */ = {
			isa = PBXGroup;
			children = (
				A099A8831E90E97300730A2B /* Views */,
				A099A8801E90D59300730A2B /* View Controller */,
				A0C203991E903F49003003DB /* AppDelegate.swift */,
				A0C2039D1E903F49003003DB /* Main.storyboard */,
				A0C203A01E903F49003003DB /* Assets.xcassets */,
				A0C203A21E903F49003003DB /* LaunchScreen.storyboard */,
				A0C203A51E903F49003003DB /* Info.plist */,
			);
			path = MoviesViewer;
			sourceTree = "<group>";
		};
/* End PBXGroup section */

/* Begin PBXNativeTarget section */
		A0C203951E903F49003003DB /* MoviesViewer */ = {
			isa = PBXNativeTarget;
			buildConfigurationList = A0C203A81E903F49003003DB /* Build configuration list for PBXNativeTarget "MoviesViewer" */;
			buildPhases = (
				DA759F8BCF5B62129A0D0C94 /* [CP] Check Pods Manifest.lock */,
				A0C203921E903F49003003DB /* Sources */,
				A0C203931E903F49003003DB /* Frameworks */,
				A0C203941E903F49003003DB /* Resources */,
				C83FA8538FDF710818A3B654 /* [CP] Embed Pods Frameworks */,
				636E23F31163BECF0A2AE32F /* [CP] Copy Pods Resources */,
			);
			buildRules = (
			);
			dependencies = (
			);
			name = MoviesViewer;
			productName = MoviesViewer;
			productReference = A0C203961E903F49003003DB /* MoviesViewer.app */;
			productType = "com.apple.product-type.application";
		};
/* End PBXNativeTarget section */

/* Begin PBXProject section */
		A0C2038E1E903F49003003DB /* Project object */ = {
			isa = PBXProject;
			attributes = {
				LastSwiftUpdateCheck = 0820;
				LastUpgradeCheck = 0820;
				ORGANIZATIONNAME = "Kumawat, Diwakar";
				TargetAttributes = {
					A0C203951E903F49003003DB = {
						CreatedOnToolsVersion = 8.2.1;
						ProvisioningStyle = Automatic;
					};
				};
			};
			buildConfigurationList = A0C203911E903F49003003DB /* Build configuration list for PBXProject "MoviesViewer" */;
			compatibilityVersion = "Xcode 3.2";
			developmentRegion = English;
			hasScannedForEncodings = 0;
			knownRegions = (
				en,
				Base,
			);
			mainGroup = A0C2038D1E903F49003003DB;
			productRefGroup = A0C203971E903F49003003DB /* Products */;
			projectDirPath = "";
			projectRoot = "";
			targets = (
				A0C203951E903F49003003DB /* MoviesViewer */,
			);
		};
/* End PBXProject section */

/* Begin PBXResourcesBuildPhase section */
		A0C203941E903F49003003DB /* Resources */ = {
			isa = PBXResourcesBuildPhase;
			buildActionMask = 2147483647;
			files = (
				A0C203A41E903F49003003DB /* LaunchScreen.storyboard in Resources */,
				A0C203A11E903F49003003DB /* Assets.xcassets in Resources */,
				A0C2039F1E903F49003003DB /* Main.storyboard in Resources */,
			);
			runOnlyForDeploymentPostprocessing = 0;
		};
/* End PBXResourcesBuildPhase section */

/* Begin PBXShellScriptBuildPhase section */
		636E23F31163BECF0A2AE32F /* [CP] Copy Pods Resources */ = {
			isa = PBXShellScriptBuildPhase;
			buildActionMask = 2147483647;
			files = (
			);
			inputPaths = (
			);
			name = "[CP] Copy Pods Resources";
			outputPaths = (
			);
			runOnlyForDeploymentPostprocessing = 0;
			shellPath = /bin/sh;
			shellScript = "\"${SRCROOT}/Pods/Target Support Files/Pods-MoviesViewer/Pods-MoviesViewer-resources.sh\"\n";
			showEnvVarsInLog = 0;
		};
		C83FA8538FDF710818A3B654 /* [CP] Embed Pods Frameworks */ = {
			isa = PBXShellScriptBuildPhase;
			buildActionMask = 2147483647;
			files = (
			);
			inputPaths = (
			);
			name = "[CP] Embed Pods Frameworks";
			outputPaths = (
			);
			runOnlyForDeploymentPostprocessing = 0;
			shellPath = /bin/sh;
			shellScript = "\"${SRCROOT}/Pods/Target Support Files/Pods-MoviesViewer/Pods-MoviesViewer-frameworks.sh\"\n";
			showEnvVarsInLog = 0;
		};
		DA759F8BCF5B62129A0D0C94 /* [CP] Check Pods Manifest.lock */ = {
			isa = PBXShellScriptBuildPhase;
			buildActionMask = 2147483647;
			files = (
			);
			inputPaths = (
			);
			name = "[CP] Check Pods Manifest.lock";
			outputPaths = (
			);
			runOnlyForDeploymentPostprocessing = 0;
			shellPath = /bin/sh;
			shellScript = "diff \"${PODS_ROOT}/../Podfile.lock\" \"${PODS_ROOT}/Manifest.lock\" > /dev/null\nif [ $? != 0 ] ; then\n    # print error to STDERR\n    echo \"error: The sandbox is not in sync with the Podfile.lock. Run 'pod install' or update your CocoaPods installation.\" >&2\n    exit 1\nfi\n";
			showEnvVarsInLog = 0;
		};
/* End PBXShellScriptBuildPhase section */

/* Begin PBXSourcesBuildPhase section */
		A0C203921E903F49003003DB /* Sources */ = {
			isa = PBXSourcesBuildPhase;
			buildActionMask = 2147483647;
			files = (
				A0C2039A1E903F49003003DB /* AppDelegate.swift in Sources */,
				A099A8821E90D5A500730A2B /* MoviesViewController.swift in Sources */,
				A099A8871E90EA1000730A2B /* MovieCell.swift in Sources */,
			);
			runOnlyForDeploymentPostprocessing = 0;
		};
/* End PBXSourcesBuildPhase section */

/* Begin PBXVariantGroup section */
		A0C2039D1E903F49003003DB /* Main.storyboard */ = {
			isa = PBXVariantGroup;
			children = (
				A0C2039E1E903F49003003DB /* Base */,
			);
			name = Main.storyboard;
			sourceTree = "<group>";
		};
		A0C203A21E903F49003003DB /* LaunchScreen.storyboard */ = {
			isa = PBXVariantGroup;
			children = (
				A0C203A31E903F49003003DB /* Base */,
			);
			name = LaunchScreen.storyboard;
			sourceTree = "<group>";
		};
/* End PBXVariantGroup section */

/* Begin XCBuildConfiguration section */
		A0C203A61E903F49003003DB /* Debug */ = {
			isa = XCBuildConfiguration;
			buildSettings = {
				ALWAYS_SEARCH_USER_PATHS = NO;
				CLANG_ANALYZER_NONNULL = YES;
				CLANG_CXX_LANGUAGE_STANDARD = "gnu++0x";
				CLANG_CXX_LIBRARY = "libc++";
				CLANG_ENABLE_MODULES = YES;
				CLANG_ENABLE_OBJC_ARC = YES;
				CLANG_WARN_BOOL_CONVERSION = YES;
				CLANG_WARN_CONSTANT_CONVERSION = YES;
				CLANG_WARN_DIRECT_OBJC_ISA_USAGE = YES_ERROR;
				CLANG_WARN_DOCUMENTATION_COMMENTS = YES;
				CLANG_WARN_EMPTY_BODY = YES;
				CLANG_WARN_ENUM_CONVERSION = YES;
				CLANG_WARN_INFINITE_RECURSION = YES;
				CLANG_WARN_INT_CONVERSION = YES;
				CLANG_WARN_OBJC_ROOT_CLASS = YES_ERROR;
				CLANG_WARN_SUSPICIOUS_MOVE = YES;
				CLANG_WARN_UNREACHABLE_CODE = YES;
				CLANG_WARN__DUPLICATE_METHOD_MATCH = YES;
				"CODE_SIGN_IDENTITY[sdk=iphoneos*]" = "iPhone Developer";
				COPY_PHASE_STRIP = NO;
				DEBUG_INFORMATION_FORMAT = dwarf;
				ENABLE_STRICT_OBJC_MSGSEND = YES;
				ENABLE_TESTABILITY = YES;
				GCC_C_LANGUAGE_STANDARD = gnu99;
				GCC_DYNAMIC_NO_PIC = NO;
				GCC_NO_COMMON_BLOCKS = YES;
				GCC_OPTIMIZATION_LEVEL = 0;
				GCC_PREPROCESSOR_DEFINITIONS = (
					"DEBUG=1",
					"$(inherited)",
				);
				GCC_WARN_64_TO_32_BIT_CONVERSION = YES;
				GCC_WARN_ABOUT_RETURN_TYPE = YES_ERROR;
				GCC_WARN_UNDECLARED_SELECTOR = YES;
				GCC_WARN_UNINITIALIZED_AUTOS = YES_AGGRESSIVE;
				GCC_WARN_UNUSED_FUNCTION = YES;
				GCC_WARN_UNUSED_VARIABLE = YES;
				IPHONEOS_DEPLOYMENT_TARGET = 10.2;
				MTL_ENABLE_DEBUG_INFO = YES;
				ONLY_ACTIVE_ARCH = YES;
				SDKROOT = iphoneos;
				SWIFT_ACTIVE_COMPILATION_CONDITIONS = DEBUG;
				SWIFT_OPTIMIZATION_LEVEL = "-Onone";
			};
			name = Debug;
		};
		A0C203A71E903F49003003DB /* Release */ = {
			isa = XCBuildConfiguration;
			buildSettings = {
				ALWAYS_SEARCH_USER_PATHS = NO;
				CLANG_ANALYZER_NONNULL = YES;
				CLANG_CXX_LANGUAGE_STANDARD = "gnu++0x";
				CLANG_CXX_LIBRARY = "libc++";
				CLANG_ENABLE_MODULES = YES;
				CLANG_ENABLE_OBJC_ARC = YES;
				CLANG_WARN_BOOL_CONVERSION = YES;
				CLANG_WARN_CONSTANT_CONVERSION = YES;
				CLANG_WARN_DIRECT_OBJC_ISA_USAGE = YES_ERROR;
				CLANG_WARN_DOCUMENTATION_COMMENTS = YES;
				CLANG_WARN_EMPTY_BODY = YES;
				CLANG_WARN_ENUM_CONVERSION = YES;
				CLANG_WARN_INFINITE_RECURSION = YES;
				CLANG_WARN_INT_CONVERSION = YES;
				CLANG_WARN_OBJC_ROOT_CLASS = YES_ERROR;
				CLANG_WARN_SUSPICIOUS_MOVE = YES;
				CLANG_WARN_UNREACHABLE_CODE = YES;
				CLANG_WARN__DUPLICATE_METHOD_MATCH = YES;
				"CODE_SIGN_IDENTITY[sdk=iphoneos*]" = "iPhone Developer";
				COPY_PHASE_STRIP = NO;
				DEBUG_INFORMATION_FORMAT = "dwarf-with-dsym";
				ENABLE_NS_ASSERTIONS = NO;
				ENABLE_STRICT_OBJC_MSGSEND = YES;
				GCC_C_LANGUAGE_STANDARD = gnu99;
				GCC_NO_COMMON_BLOCKS = YES;
				GCC_WARN_64_TO_32_BIT_CONVERSION = YES;
				GCC_WARN_ABOUT_RETURN_TYPE = YES_ERROR;
				GCC_WARN_UNDECLARED_SELECTOR = YES;
				GCC_WARN_UNINITIALIZED_AUTOS = YES_AGGRESSIVE;
				GCC_WARN_UNUSED_FUNCTION = YES;
				GCC_WARN_UNUSED_VARIABLE = YES;
				IPHONEOS_DEPLOYMENT_TARGET = 10.2;
				MTL_ENABLE_DEBUG_INFO = NO;
				SDKROOT = iphoneos;
				SWIFT_OPTIMIZATION_LEVEL = "-Owholemodule";
				VALIDATE_PRODUCT = YES;
			};
			name = Release;
		};
		A0C203A91E903F49003003DB /* Debug */ = {
			isa = XCBuildConfiguration;
			baseConfigurationReference = 91B9B26AF3537F8BB92632CE /* Pods-MoviesViewer.debug.xcconfig */;
			buildSettings = {
				ASSETCATALOG_COMPILER_APPICON_NAME = AppIcon;
				INFOPLIST_FILE = MoviesViewer/Info.plist;
				LD_RUNPATH_SEARCH_PATHS = "$(inherited) @executable_path/Frameworks";
				PRODUCT_BUNDLE_IDENTIFIER = Intuit.MoviesViewer;
				PRODUCT_NAME = "$(TARGET_NAME)";
				SWIFT_VERSION = 3.0;
			};
			name = Debug;
		};
		A0C203AA1E903F49003003DB /* Release */ = {
			isa = XCBuildConfiguration;
			baseConfigurationReference = A6BB6399168D45D399890074 /* Pods-MoviesViewer.release.xcconfig */;
			buildSettings = {
				ASSETCATALOG_COMPILER_APPICON_NAME = AppIcon;
				INFOPLIST_FILE = MoviesViewer/Info.plist;
				LD_RUNPATH_SEARCH_PATHS = "$(inherited) @executable_path/Frameworks";
				PRODUCT_BUNDLE_IDENTIFIER = Intuit.MoviesViewer;
				PRODUCT_NAME = "$(TARGET_NAME)";
				SWIFT_VERSION = 3.0;
			};
			name = Release;
		};
/* End XCBuildConfiguration section */

/* Begin XCConfigurationList section */
		A0C203911E903F49003003DB /* Build configuration list for PBXProject "MoviesViewer" */ = {
			isa = XCConfigurationList;
			buildConfigurations = (
				A0C203A61E903F49003003DB /* Debug */,
				A0C203A71E903F49003003DB /* Release */,
			);
			defaultConfigurationIsVisible = 0;
			defaultConfigurationName = Release;
		};
		A0C203A81E903F49003003DB /* Build configuration list for PBXNativeTarget "MoviesViewer" */ = {
			isa = XCConfigurationList;
			buildConfigurations = (
				A0C203A91E903F49003003DB /* Debug */,
				A0C203AA1E903F49003003DB /* Release */,
			);
			defaultConfigurationIsVisible = 0;
			defaultConfigurationName = Release;
		};
/* End XCConfigurationList section */
	};
	rootObject = A0C2038E1E903F49003003DB /* Project object */;
}
